
Microsoft Visual Studio Solution File, Format Version 12.00
# Visual Studio 15
VisualStudioVersion = 15.0.28307.136
MinimumVisualStudioVersion = 10.0.40219.1
Project("{9A19103F-16F7-4668-BE54-9A1E7A4F7556}") = "ExchangeRate.Web", "ExchangeRate.Web\ExchangeRate.Web.csproj", "{2E70647F-347D-436F-A362-4BC685D4C8CB}"
EndProject
Project("{9A19103F-16F7-4668-BE54-9A1E7A4F7556}") = "ExchangeRate.Data", "ExchangeRate.Data\ExchangeRate.Data.csproj", "{AC3B6AA9-182E-47B1-8580-DCDEF467526D}"
EndProject
Project("{9A19103F-16F7-4668-BE54-9A1E7A4F7556}") = "ExchangeRate.Data.Models", "ExchangeRate.Data.Models\ExchangeRate.Data.Models.csproj", "{63DB9A43-2CD7-4A12-83B0-DAEA3BB5B2B0}"
EndProject
Project("{9A19103F-16F7-4668-BE54-9A1E7A4F7556}") = "ExchangeRate.Services", "ExchangeRate.Services\ExchangeRate.Services.csproj", "{3E3BC3AB-C072-4BD0-8BD5-E18365BEBC2B}"
EndProject
Project("{9A19103F-16F7-4668-BE54-9A1E7A4F7556}") = "ExchangeRate.Data.Common", "ExchangeRate.Data.Common\ExchangeRate.Data.Common.csproj", "{FA96FA8F-4EC8-4D96-B0CF-43148166191C}"
EndProject
Project("{9A19103F-16F7-4668-BE54-9A1E7A4F7556}") = "ExchangeRate.DataProcessor", "ExchangeRate.DataProcessor\ExchangeRate.DataProcessor.csproj", "{0E46FB62-CB37-4DE7-B150-9A46EBCB96E4}"
EndProject
Project("{9A19103F-16F7-4668-BE54-9A1E7A4F7556}") = "ExchangeRate.Services.Mapping", "ExchangeRate.Services.Mapping\ExchangeRate.Services.Mapping.csproj", "{2A989F2F-1EC8-4CCB-9988-71F15A4D326E}"
EndProject
Global
	GlobalSection(SolutionConfigurationPlatforms) = preSolution
		Debug|Any CPU = Debug|Any CPU
		Release|Any CPU = Release|Any CPU
	EndGlobalSection
	GlobalSection(ProjectConfigurationPlatforms) = postSolution
		{2E70647F-347D-436F-A362-4BC685D4C8CB}.Debug|Any CPU.ActiveCfg = Debug|Any CPU
		{2E70647F-347D-436F-A362-4BC685D4C8CB}.Debug|Any CPU.Build.0 = Debug|Any CPU
		{2E70647F-347D-436F-A362-4BC685D4C8CB}.Release|Any CPU.ActiveCfg = Release|Any CPU
		{2E70647F-347D-436F-A362-4BC685D4C8CB}.Release|Any CPU.Build.0 = Release|Any CPU
		{AC3B6AA9-182E-47B1-8580-DCDEF467526D}.Debug|Any CPU.ActiveCfg = Debug|Any CPU
		{AC3B6AA9-182E-47B1-8580-DCDEF467526D}.Debug|Any CPU.Build.0 = Debug|Any CPU
		{AC3B6AA9-182E-47B1-8580-DCDEF467526D}.Release|Any CPU.ActiveCfg = Release|Any CPU
		{AC3B6AA9-182E-47B1-8580-DCDEF467526D}.Release|Any CPU.Build.0 = Release|Any CPU
		{63DB9A43-2CD7-4A12-83B0-DAEA3BB5B2B0}.Debug|Any CPU.ActiveCfg = Debug|Any CPU
		{63DB9A43-2CD7-4A12-83B0-DAEA3BB5B2B0}.Debug|Any CPU.Build.0 = Debug|Any CPU
		{63DB9A43-2CD7-4A12-83B0-DAEA3BB5B2B0}.Release|Any CPU.ActiveCfg = Release|Any CPU
		{63DB9A43-2CD7-4A12-83B0-DAEA3BB5B2B0}.Release|Any CPU.Build.0 = Release|Any CPU
		{3E3BC3AB-C072-4BD0-8BD5-E18365BEBC2B}.Debug|Any CPU.ActiveCfg = Debug|Any CPU
		{3E3BC3AB-C072-4BD0-8BD5-E18365BEBC2B}.Debug|Any CPU.Build.0 = Debug|Any CPU
		{3E3BC3AB-C072-4BD0-8BD5-E18365BEBC2B}.Release|Any CPU.ActiveCfg = Release|Any CPU
		{3E3BC3AB-C072-4BD0-8BD5-E18365BEBC2B}.Release|Any CPU.Build.0 = Release|Any CPU
		{FA96FA8F-4EC8-4D96-B0CF-43148166191C}.Debug|Any CPU.ActiveCfg = Debug|Any CPU
		{FA96FA8F-4EC8-4D96-B0CF-43148166191C}.Debug|Any CPU.Build.0 = Debug|Any CPU
		{FA96FA8F-4EC8-4D96-B0CF-43148166191C}.Release|Any CPU.ActiveCfg = Release|Any CPU
		{FA96FA8F-4EC8-4D96-B0CF-43148166191C}.Release|Any CPU.Build.0 = Release|Any CPU
		{0E46FB62-CB37-4DE7-B150-9A46EBCB96E4}.Debug|Any CPU.ActiveCfg = Debug|Any CPU
		{0E46FB62-CB37-4DE7-B150-9A46EBCB96E4}.Debug|Any CPU.Build.0 = Debug|Any CPU
		{0E46FB62-CB37-4DE7-B150-9A46EBCB96E4}.Release|Any CPU.ActiveCfg = Release|Any CPU
		{0E46FB62-CB37-4DE7-B150-9A46EBCB96E4}.Release|Any CPU.Build.0 = Release|Any CPU
		{2A989F2F-1EC8-4CCB-9988-71F15A4D326E}.Debug|Any CPU.ActiveCfg = Debug|Any CPU
		{2A989F2F-1EC8-4CCB-9988-71F15A4D326E}.Debug|Any CPU.Build.0 = Debug|Any CPU
		{2A989F2F-1EC8-4CCB-9988-71F15A4D326E}.Release|Any CPU.ActiveCfg = Release|Any CPU
		{2A989F2F-1EC8-4CCB-9988-71F15A4D326E}.Release|Any CPU.Build.0 = Release|Any CPU
	EndGlobalSection
	GlobalSection(SolutionProperties) = preSolution
		HideSolutionNode = FALSE
	EndGlobalSection
	GlobalSection(ExtensibilityGlobals) = postSolution
		SolutionGuid = {FFDFB1D0-97C9-4EE0-88B6-D334658B5E0B}
	EndGlobalSection
EndGlobal
